
Microsoft Visual Studio Solution File, Format Version 12.00
# Visual Studio Version 17
VisualStudioVersion = 17.0.31903.59
MinimumVisualStudioVersion = 10.0.40219.1
Project("{FAE04EC0-301F-11D3-BF4B-00C04F79EFBC}") = "Tests", "Tests\Tests.csproj", "{CA212651-4B24-47FE-A7AF-4D3CB92908DC}"
EndProject
Project("{FAE04EC0-301F-11D3-BF4B-00C04F79EFBC}") = "StringExtensionsPack", "StringExtensionsPack\StringExtensionsPack.csproj", "{DC514A1A-E25E-4961-952D-55FB09A004D4}"
EndProject
Global
	GlobalSection(SolutionConfigurationPlatforms) = preSolution
		Debug|Any CPU = Debug|Any CPU
		Release|Any CPU = Release|Any CPU
	EndGlobalSection
	GlobalSection(SolutionProperties) = preSolution
		HideSolutionNode = FALSE
	EndGlobalSection
	GlobalSection(ProjectConfigurationPlatforms) = postSolution
		{CA212651-4B24-47FE-A7AF-4D3CB92908DC}.Debug|Any CPU.ActiveCfg = Debug|Any CPU
		{CA212651-4B24-47FE-A7AF-4D3CB92908DC}.Debug|Any CPU.Build.0 = Debug|Any CPU
		{CA212651-4B24-47FE-A7AF-4D3CB92908DC}.Release|Any CPU.ActiveCfg = Release|Any CPU
		{CA212651-4B24-47FE-A7AF-4D3CB92908DC}.Release|Any CPU.Build.0 = Release|Any CPU
		{DC514A1A-E25E-4961-952D-55FB09A004D4}.Debug|Any CPU.ActiveCfg = Debug|Any CPU
		{DC514A1A-E25E-4961-952D-55FB09A004D4}.Debug|Any CPU.Build.0 = Debug|Any CPU
		{DC514A1A-E25E-4961-952D-55FB09A004D4}.Release|Any CPU.ActiveCfg = Release|Any CPU
		{DC514A1A-E25E-4961-952D-55FB09A004D4}.Release|Any CPU.Build.0 = Release|Any CPU
	EndGlobalSection
EndGlobal
